<Solution>
  <Folder Name="/src/" />
  <Folder Name="/src/services/">
    <Project Path="src/services/PayX.Payment/PayX.Payment.csproj" />
  </Folder>
  <Folder Name="/src/shared/">
    <Project Path="src/shared/PayX.Contracts/PayX.Contracts.csproj" />
    <Project Path="src/shared/PayX.ServiceDefaults/PayX.ServiceDefaults.csproj" />
  </Folder>
</Solution>
